
Microsoft Visual Studio Solution File, Format Version 9.00
# Visual Studio 2005
Project("{8BC9CEB8-8B4A-11D0-8D11-00A0C91BC942}") = "mmixgui", "mmixgui.vcproj", "{485430D5-03C0-459E-B8E5-C77EC82F77F5}"
	ProjectSection(ProjectDependencies) = postProject
		{4CE6E4D2-F64A-42C0-A1E2-7CC6D9ECC7BE} = {4CE6E4D2-F64A-42C0-A1E2-7CC6D9ECC7BE}
		{5A384688-86B5-439D-B700-C52330851681} = {5A384688-86B5-439D-B700-C52330851681}
		{C7A37974-103B-4A8A-ACD4-F304C0D9C35C} = {C7A37974-103B-4A8A-ACD4-F304C0D9C35C}
		{4B0D2135-BFD9-4380-9406-3AA5E6A7D9D1} = {4B0D2135-BFD9-4380-9406-3AA5E6A7D9D1}
	EndProjectSection
EndProject
Project("{8BC9CEB8-8B4A-11D0-8D11-00A0C91BC942}") = "vmbwin", "..\util\vmbwin.vcproj", "{C7A37974-103B-4A8A-ACD4-F304C0D9C35C}"
EndProject
Project("{8BC9CEB8-8B4A-11D0-8D11-00A0C91BC942}") = "vmbwinopt", "..\opt\vmbwinopt.vcproj", "{5A384688-86B5-439D-B700-C52330851681}"
	ProjectSection(ProjectDependencies) = postProject
		{C7A37974-103B-4A8A-ACD4-F304C0D9C35C} = {C7A37974-103B-4A8A-ACD4-F304C0D9C35C}
	EndProjectSection
EndProject
Project("{8BC9CEB8-8B4A-11D0-8D11-00A0C91BC942}") = "vmbmmixlib", "..\vmbmmixlib\vmbmmixlib.vcproj", "{4B0D2135-BFD9-4380-9406-3AA5E6A7D9D1}"
EndProject
Project("{8BC9CEB8-8B4A-11D0-8D11-00A0C91BC942}") = "mmixlib", "mmixlib.vcproj", "{4CE6E4D2-F64A-42C0-A1E2-7CC6D9ECC7BE}"
	ProjectSection(ProjectDependencies) = postProject
		{4B0D2135-BFD9-4380-9406-3AA5E6A7D9D1} = {4B0D2135-BFD9-4380-9406-3AA5E6A7D9D1}
		{D49D454B-0839-4606-850D-03A6231DB2DA} = {D49D454B-0839-4606-850D-03A6231DB2DA}
		{C7A37974-103B-4A8A-ACD4-F304C0D9C35C} = {C7A37974-103B-4A8A-ACD4-F304C0D9C35C}
		{5A384688-86B5-439D-B700-C52330851681} = {5A384688-86B5-439D-B700-C52330851681}
	EndProjectSection
EndProject
Project("{8BC9CEB8-8B4A-11D0-8D11-00A0C91BC942}") = "abstime", "abstime.vcproj", "{D49D454B-0839-4606-850D-03A6231DB2DA}"
EndProject
Global
	GlobalSection(SolutionConfigurationPlatforms) = preSolution
		Debug|Win32 = Debug|Win32
		Release|Win32 = Release|Win32
	EndGlobalSection
	GlobalSection(ProjectConfigurationPlatforms) = postSolution
		{485430D5-03C0-459E-B8E5-C77EC82F77F5}.Debug|Win32.ActiveCfg = Debug|Win32
		{485430D5-03C0-459E-B8E5-C77EC82F77F5}.Debug|Win32.Build.0 = Debug|Win32
		{485430D5-03C0-459E-B8E5-C77EC82F77F5}.Release|Win32.ActiveCfg = Release|Win32
		{485430D5-03C0-459E-B8E5-C77EC82F77F5}.Release|Win32.Build.0 = Release|Win32
		{C7A37974-103B-4A8A-ACD4-F304C0D9C35C}.Debug|Win32.ActiveCfg = Debug|Win32
		{C7A37974-103B-4A8A-ACD4-F304C0D9C35C}.Debug|Win32.Build.0 = Debug|Win32
		{C7A37974-103B-4A8A-ACD4-F304C0D9C35C}.Release|Win32.ActiveCfg = Release|Win32
		{C7A37974-103B-4A8A-ACD4-F304C0D9C35C}.Release|Win32.Build.0 = Release|Win32
		{5A384688-86B5-439D-B700-C52330851681}.Debug|Win32.ActiveCfg = Debug|Win32
		{5A384688-86B5-439D-B700-C52330851681}.Debug|Win32.Build.0 = Debug|Win32
		{5A384688-86B5-439D-B700-C52330851681}.Release|Win32.ActiveCfg = Release|Win32
		{5A384688-86B5-439D-B700-C52330851681}.Release|Win32.Build.0 = Release|Win32
		{4B0D2135-BFD9-4380-9406-3AA5E6A7D9D1}.Debug|Win32.ActiveCfg = Debug|Win32
		{4B0D2135-BFD9-4380-9406-3AA5E6A7D9D1}.Debug|Win32.Build.0 = Debug|Win32
		{4B0D2135-BFD9-4380-9406-3AA5E6A7D9D1}.Release|Win32.ActiveCfg = Release|Win32
		{4B0D2135-BFD9-4380-9406-3AA5E6A7D9D1}.Release|Win32.Build.0 = Release|Win32
		{4CE6E4D2-F64A-42C0-A1E2-7CC6D9ECC7BE}.Debug|Win32.ActiveCfg = Debug|Win32
		{4CE6E4D2-F64A-42C0-A1E2-7CC6D9ECC7BE}.Debug|Win32.Build.0 = Debug|Win32
		{4CE6E4D2-F64A-42C0-A1E2-7CC6D9ECC7BE}.Release|Win32.ActiveCfg = Release|Win32
		{4CE6E4D2-F64A-42C0-A1E2-7CC6D9ECC7BE}.Release|Win32.Build.0 = Release|Win32
		{D49D454B-0839-4606-850D-03A6231DB2DA}.Debug|Win32.ActiveCfg = Debug|Win32
		{D49D454B-0839-4606-850D-03A6231DB2DA}.Debug|Win32.Build.0 = Debug|Win32
		{D49D454B-0839-4606-850D-03A6231DB2DA}.Release|Win32.ActiveCfg = Release|Win32
		{D49D454B-0839-4606-850D-03A6231DB2DA}.Release|Win32.Build.0 = Release|Win32
	EndGlobalSection
	GlobalSection(SolutionProperties) = preSolution
		HideSolutionNode = FALSE
	EndGlobalSection
EndGlobal
