Microsoft Visual Studio Solution File, Format Version 9.00
# Visual Studio 2005
Project("{8BC9CEB8-8B4A-11D0-8D11-00A0C91BC942}") = "mmix", "mmix.vcproj", "{456CB0C3-26FB-4533-A616-39D9175F8CA5}"
	ProjectSection(ProjectDependencies) = postProject
		{4B0D2135-BFD9-4380-9406-3AA5E6A7D9D1} = {4B0D2135-BFD9-4380-9406-3AA5E6A7D9D1}
		{D49D454B-0839-4606-850D-03A6231DB2DA} = {D49D454B-0839-4606-850D-03A6231DB2DA}
		{C7A37974-103B-4A8A-ACD4-F304C0D9C35C} = {C7A37974-103B-4A8A-ACD4-F304C0D9C35C}
	EndProjectSection
EndProject
Project("{8BC9CEB8-8B4A-11D0-8D11-00A0C91BC942}") = "vmblib", "..\util\vmbwin.vcproj", "{C7A37974-103B-4A8A-ACD4-F304C0D9C35C}"
EndProject
Project("{8BC9CEB8-8B4A-11D0-8D11-00A0C91BC942}") = "mmixal", "mmixal.vcproj", "{B0BD2341-516A-4FC7-B239-0BC4996426C9}"
EndProject
Project("{8BC9CEB8-8B4A-11D0-8D11-00A0C91BC942}") = "mmixgdb", "gmmix.vcproj", "{428E0DCB-1AC5-41C7-AB33-FB3D5930BB4F}"
	ProjectSection(ProjectDependencies) = postProject
		{4B0D2135-BFD9-4380-9406-3AA5E6A7D9D1} = {4B0D2135-BFD9-4380-9406-3AA5E6A7D9D1}
		{D49D454B-0839-4606-850D-03A6231DB2DA} = {D49D454B-0839-4606-850D-03A6231DB2DA}
	EndProjectSection
EndProject
Project("{8BC9CEB8-8B4A-11D0-8D11-00A0C91BC942}") = "mmoimg", "mmoimg.vcproj", "{1ED92422-F16F-419A-BC94-6EC9628DEA0C}"
EndProject
Project("{8BC9CEB8-8B4A-11D0-8D11-00A0C91BC942}") = "mmotype", "mmotype.vcproj", "{C1C9CA73-16B5-420C-BFB5-9643DE9A6D09}"
EndProject
Project("{8BC9CEB8-8B4A-11D0-8D11-00A0C91BC942}") = "mmixcpu", "mmixcpu.vcproj", "{A1A6581E-EE63-4F3B-A52A-49C1E28C52E2}"
	ProjectSection(ProjectDependencies) = postProject
		{D49D454B-0839-4606-850D-03A6231DB2DA} = {D49D454B-0839-4606-850D-03A6231DB2DA}
		{4B0D2135-BFD9-4380-9406-3AA5E6A7D9D1} = {4B0D2135-BFD9-4380-9406-3AA5E6A7D9D1}
	EndProjectSection
EndProject
Project("{8BC9CEB8-8B4A-11D0-8D11-00A0C91BC942}") = "abstime", "abstime.vcproj", "{D49D454B-0839-4606-850D-03A6231DB2DA}"
EndProject
Project("{8BC9CEB8-8B4A-11D0-8D11-00A0C91BC942}") = "mmmix", "mmmix.vcproj", "{892DEC24-95DD-436A-8608-C1C76559F842}"
	ProjectSection(ProjectDependencies) = postProject
		{D49D454B-0839-4606-850D-03A6231DB2DA} = {D49D454B-0839-4606-850D-03A6231DB2DA}
	EndProjectSection
EndProject
Project("{8BC9CEB8-8B4A-11D0-8D11-00A0C91BC942}") = "vmbmmixlib", "..\vmbmmixlib\vmbmmixlib.vcproj", "{4B0D2135-BFD9-4380-9406-3AA5E6A7D9D1}"
EndProject
Global
	GlobalSection(SolutionConfigurationPlatforms) = preSolution
		Debug|Win32 = Debug|Win32
		Release|Win32 = Release|Win32
	EndGlobalSection
	GlobalSection(ProjectConfigurationPlatforms) = postSolution
		{456CB0C3-26FB-4533-A616-39D9175F8CA5}.Debug|Win32.ActiveCfg = Debug|Win32
		{456CB0C3-26FB-4533-A616-39D9175F8CA5}.Debug|Win32.Build.0 = Debug|Win32
		{456CB0C3-26FB-4533-A616-39D9175F8CA5}.Release|Win32.ActiveCfg = Release|Win32
		{456CB0C3-26FB-4533-A616-39D9175F8CA5}.Release|Win32.Build.0 = Release|Win32
		{C7A37974-103B-4A8A-ACD4-F304C0D9C35C}.Debug|Win32.ActiveCfg = Debug|Win32
		{C7A37974-103B-4A8A-ACD4-F304C0D9C35C}.Debug|Win32.Build.0 = Debug|Win32
		{C7A37974-103B-4A8A-ACD4-F304C0D9C35C}.Release|Win32.ActiveCfg = Release|Win32
		{C7A37974-103B-4A8A-ACD4-F304C0D9C35C}.Release|Win32.Build.0 = Release|Win32
		{B0BD2341-516A-4FC7-B239-0BC4996426C9}.Debug|Win32.ActiveCfg = Debug|Win32
		{B0BD2341-516A-4FC7-B239-0BC4996426C9}.Debug|Win32.Build.0 = Debug|Win32
		{B0BD2341-516A-4FC7-B239-0BC4996426C9}.Release|Win32.ActiveCfg = Release|Win32
		{B0BD2341-516A-4FC7-B239-0BC4996426C9}.Release|Win32.Build.0 = Release|Win32
		{428E0DCB-1AC5-41C7-AB33-FB3D5930BB4F}.Debug|Win32.ActiveCfg = Debug|Win32
		{428E0DCB-1AC5-41C7-AB33-FB3D5930BB4F}.Debug|Win32.Build.0 = Debug|Win32
		{428E0DCB-1AC5-41C7-AB33-FB3D5930BB4F}.Release|Win32.ActiveCfg = Release|Win32
		{428E0DCB-1AC5-41C7-AB33-FB3D5930BB4F}.Release|Win32.Build.0 = Release|Win32
		{1ED92422-F16F-419A-BC94-6EC9628DEA0C}.Debug|Win32.ActiveCfg = Debug|Win32
		{1ED92422-F16F-419A-BC94-6EC9628DEA0C}.Debug|Win32.Build.0 = Debug|Win32
		{1ED92422-F16F-419A-BC94-6EC9628DEA0C}.Release|Win32.ActiveCfg = Release|Win32
		{1ED92422-F16F-419A-BC94-6EC9628DEA0C}.Release|Win32.Build.0 = Release|Win32
		{C1C9CA73-16B5-420C-BFB5-9643DE9A6D09}.Debug|Win32.ActiveCfg = Debug|Win32
		{C1C9CA73-16B5-420C-BFB5-9643DE9A6D09}.Debug|Win32.Build.0 = Debug|Win32
		{C1C9CA73-16B5-420C-BFB5-9643DE9A6D09}.Release|Win32.ActiveCfg = Release|Win32
		{C1C9CA73-16B5-420C-BFB5-9643DE9A6D09}.Release|Win32.Build.0 = Release|Win32
		{A1A6581E-EE63-4F3B-A52A-49C1E28C52E2}.Debug|Win32.ActiveCfg = Debug|Win32
		{A1A6581E-EE63-4F3B-A52A-49C1E28C52E2}.Debug|Win32.Build.0 = Debug|Win32
		{A1A6581E-EE63-4F3B-A52A-49C1E28C52E2}.Release|Win32.ActiveCfg = Release|Win32
		{A1A6581E-EE63-4F3B-A52A-49C1E28C52E2}.Release|Win32.Build.0 = Release|Win32
		{D49D454B-0839-4606-850D-03A6231DB2DA}.Debug|Win32.ActiveCfg = Debug|Win32
		{D49D454B-0839-4606-850D-03A6231DB2DA}.Debug|Win32.Build.0 = Debug|Win32
		{D49D454B-0839-4606-850D-03A6231DB2DA}.Release|Win32.ActiveCfg = Release|Win32
		{D49D454B-0839-4606-850D-03A6231DB2DA}.Release|Win32.Build.0 = Release|Win32
		{892DEC24-95DD-436A-8608-C1C76559F842}.Debug|Win32.ActiveCfg = Debug|Win32
		{892DEC24-95DD-436A-8608-C1C76559F842}.Debug|Win32.Build.0 = Debug|Win32
		{892DEC24-95DD-436A-8608-C1C76559F842}.Release|Win32.ActiveCfg = Release|Win32
		{892DEC24-95DD-436A-8608-C1C76559F842}.Release|Win32.Build.0 = Release|Win32
		{4B0D2135-BFD9-4380-9406-3AA5E6A7D9D1}.Debug|Win32.ActiveCfg = Debug|Win32
		{4B0D2135-BFD9-4380-9406-3AA5E6A7D9D1}.Debug|Win32.Build.0 = Debug|Win32
		{4B0D2135-BFD9-4380-9406-3AA5E6A7D9D1}.Release|Win32.ActiveCfg = Release|Win32
		{4B0D2135-BFD9-4380-9406-3AA5E6A7D9D1}.Release|Win32.Build.0 = Release|Win32
	EndGlobalSection
	GlobalSection(SolutionProperties) = preSolution
		HideSolutionNode = FALSE
	EndGlobalSection
EndGlobal
