
Microsoft Visual Studio Solution File, Format Version 9.00
# Visual Studio 2005
Project("{8BC9CEB8-8B4A-11D0-8D11-00A0C91BC942}") = "mmixal", "mmixal.vcproj", "{B0BD2341-516A-4FC7-B239-0BC4996426C9}"
EndProject
Global
	GlobalSection(SolutionConfigurationPlatforms) = preSolution
		Debug|Win32 = Debug|Win32
		Release|Win32 = Release|Win32
	EndGlobalSection
	GlobalSection(ProjectConfigurationPlatforms) = postSolution
		{B0BD2341-516A-4FC7-B239-0BC4996426C9}.Debug|Win32.ActiveCfg = Debug|Win32
		{B0BD2341-516A-4FC7-B239-0BC4996426C9}.Debug|Win32.Build.0 = Debug|Win32
		{B0BD2341-516A-4FC7-B239-0BC4996426C9}.Release|Win32.ActiveCfg = Release|Win32
		{B0BD2341-516A-4FC7-B239-0BC4996426C9}.Release|Win32.Build.0 = Release|Win32
	EndGlobalSection
	GlobalSection(SolutionProperties) = preSolution
		HideSolutionNode = FALSE
	EndGlobalSection
EndGlobal
